// !$*UTF8*$!
{
	archiveVersion = 1;
	classes = {
	};
	objectVersion = 51;
	objects = {

/* Begin PBXBuildFile section */
		4A5D958026412E6100F4D3CC /* AppDelegate.m in Sources */ = {isa = PBXBuildFile; fileRef = 4A5D957F26412E6100F4D3CC /* AppDelegate.m */; };
		4A5D958626412E6100F4D3CC /* ViewController.m in Sources */ = {isa = PBXBuildFile; fileRef = 4A5D958526412E6100F4D3CC /* ViewController.m */; };
		4A5D958926412E6100F4D3CC /* Main.storyboard in Resources */ = {isa = PBXBuildFile; fileRef = 4A5D958726412E6100F4D3CC /* Main.storyboard */; };
		4A5D958B26412E6200F4D3CC /* Assets.xcassets in Resources */ = {isa = PBXBuildFile; fileRef = 4A5D958A26412E6200F4D3CC /* Assets.xcassets */; };
		4A5D958E26412E6200F4D3CC /* LaunchScreen.storyboard in Resources */ = {isa = PBXBuildFile; fileRef = 4A5D958C26412E6200F4D3CC /* LaunchScreen.storyboard */; };
		4A5D959126412E6200F4D3CC /* main.m in Sources */ = {isa = PBXBuildFile; fileRef = 4A5D959026412E6200F4D3CC /* main.m */; };
		4A5D959B26412E6300F4D3CC /* DuoRenKaiFaTests.m in Sources */ = {isa = PBXBuildFile; fileRef = 4A5D959A26412E6300F4D3CC /* DuoRenKaiFaTests.m */; };
		4A5D95A626412E6300F4D3CC /* DuoRenKaiFaUITests.m in Sources */ = {isa = PBXBuildFile; fileRef = 4A5D95A526412E6300F4D3CC /* DuoRenKaiFaUITests.m */; };
		4A5D95BB264270D000F4D3CC /* NetworkTool.m in Sources */ = {isa = PBXBuildFile; fileRef = 4A5D95B9264270D000F4D3CC /* NetworkTool.m */; };
		4A99FF1426427F58004E6709 /* FirViewController.m in Sources */ = {isa = PBXBuildFile; fileRef = 4A99FF1326427F58004E6709 /* FirViewController.m */; };
		74F55EF4AFB160E9D76AC1AE /* Pods_DuoRenKaiFaTests.framework in Frameworks */ = {isa = PBXBuildFile; fileRef = E47B71E9CF31373628D2868E /* Pods_DuoRenKaiFaTests.framework */; };
		A4BE29A545B5281B23C97378 /* Pods_DuoRenKaiFa_DuoRenKaiFaUITests.framework in Frameworks */ = {isa = PBXBuildFile; fileRef = 7CC2D7414FF95EF96D99FD59 /* Pods_DuoRenKaiFa_DuoRenKaiFaUITests.framework */; };
		C7A6A3035787B8FF18A6787B /* Pods_DuoRenKaiFa.framework in Frameworks */ = {isa = PBXBuildFile; fileRef = CA70D6C78A427880667D5DB0 /* Pods_DuoRenKaiFa.framework */; };
/* End PBXBuildFile section */

/* Begin PBXContainerItemProxy section */
		4A5D959726412E6300F4D3CC /* PBXContainerItemProxy */ = {
			isa = PBXContainerItemProxy;
			containerPortal = 4A5D957326412E6100F4D3CC /* Project object */;
			proxyType = 1;
			remoteGlobalIDString = 4A5D957A26412E6100F4D3CC;
			remoteInfo = DuoRenKaiFa;
		};
		4A5D95A226412E6300F4D3CC /* PBXContainerItemProxy */ = {
			isa = PBXContainerItemProxy;
			containerPortal = 4A5D957326412E6100F4D3CC /* Project object */;
			proxyType = 1;
			remoteGlobalIDString = 4A5D957A26412E6100F4D3CC;
			remoteInfo = DuoRenKaiFa;
		};
/* End PBXContainerItemProxy section */

/* Begin PBXFileReference section */
		187D7FA1F95C995551A32D6A /* Pods-DuoRenKaiFa-DuoRenKaiFaUITests.release.xcconfig */ = {isa = PBXFileReference; includeInIndex = 1; lastKnownFileType = text.xcconfig; name = "Pods-DuoRenKaiFa-DuoRenKaiFaUITests.release.xcconfig"; path = "Target Support Files/Pods-DuoRenKaiFa-DuoRenKaiFaUITests/Pods-DuoRenKaiFa-DuoRenKaiFaUITests.release.xcconfig"; sourceTree = "<group>"; };
		1B0D1808B9845FFD23D18F34 /* Pods-DuoRenKaiFa.debug.xcconfig */ = {isa = PBXFileReference; includeInIndex = 1; lastKnownFileType = text.xcconfig; name = "Pods-DuoRenKaiFa.debug.xcconfig"; path = "Target Support Files/Pods-DuoRenKaiFa/Pods-DuoRenKaiFa.debug.xcconfig"; sourceTree = "<group>"; };
		1E94A4F30135988AA3F63707 /* Pods-DuoRenKaiFa.release.xcconfig */ = {isa = PBXFileReference; includeInIndex = 1; lastKnownFileType = text.xcconfig; name = "Pods-DuoRenKaiFa.release.xcconfig"; path = "Target Support Files/Pods-DuoRenKaiFa/Pods-DuoRenKaiFa.release.xcconfig"; sourceTree = "<group>"; };
		2765A4130609723BBED00620 /* Pods-DuoRenKaiFa-DuoRenKaiFaUITests.debug.xcconfig */ = {isa = PBXFileReference; includeInIndex = 1; lastKnownFileType = text.xcconfig; name = "Pods-DuoRenKaiFa-DuoRenKaiFaUITests.debug.xcconfig"; path = "Target Support Files/Pods-DuoRenKaiFa-DuoRenKaiFaUITests/Pods-DuoRenKaiFa-DuoRenKaiFaUITests.debug.xcconfig"; sourceTree = "<group>"; };
		4A5D957B26412E6100F4D3CC /* DuoRenKaiFa.app */ = {isa = PBXFileReference; explicitFileType = wrapper.application; includeInIndex = 0; path = DuoRenKaiFa.app; sourceTree = BUILT_PRODUCTS_DIR; };
		4A5D957E26412E6100F4D3CC /* AppDelegate.h */ = {isa = PBXFileReference; lastKnownFileType = sourcecode.c.h; path = AppDelegate.h; sourceTree = "<group>"; };
		4A5D957F26412E6100F4D3CC /* AppDelegate.m */ = {isa = PBXFileReference; lastKnownFileType = sourcecode.c.objc; path = AppDelegate.m; sourceTree = "<group>"; };
		4A5D958426412E6100F4D3CC /* ViewController.h */ = {isa = PBXFileReference; lastKnownFileType = sourcecode.c.h; path = ViewController.h; sourceTree = "<group>"; };
		4A5D958526412E6100F4D3CC /* ViewController.m */ = {isa = PBXFileReference; lastKnownFileType = sourcecode.c.objc; path = ViewController.m; sourceTree = "<group>"; };
		4A5D958826412E6100F4D3CC /* Base */ = {isa = PBXFileReference; lastKnownFileType = file.storyboard; name = Base; path = Base.lproj/Main.storyboard; sourceTree = "<group>"; };
		4A5D958A26412E6200F4D3CC /* Assets.xcassets */ = {isa = PBXFileReference; lastKnownFileType = folder.assetcatalog; path = Assets.xcassets; sourceTree = "<group>"; };
		4A5D958D26412E6200F4D3CC /* Base */ = {isa = PBXFileReference; lastKnownFileType = file.storyboard; name = Base; path = Base.lproj/LaunchScreen.storyboard; sourceTree = "<group>"; };
		4A5D958F26412E6200F4D3CC /* Info.plist */ = {isa = PBXFileReference; lastKnownFileType = text.plist.xml; path = Info.plist; sourceTree = "<group>"; };
		4A5D959026412E6200F4D3CC /* main.m */ = {isa = PBXFileReference; lastKnownFileType = sourcecode.c.objc; path = main.m; sourceTree = "<group>"; };
		4A5D959626412E6300F4D3CC /* DuoRenKaiFaTests.xctest */ = {isa = PBXFileReference; explicitFileType = wrapper.cfbundle; includeInIndex = 0; path = DuoRenKaiFaTests.xctest; sourceTree = BUILT_PRODUCTS_DIR; };
		4A5D959A26412E6300F4D3CC /* DuoRenKaiFaTests.m */ = {isa = PBXFileReference; lastKnownFileType = sourcecode.c.objc; path = DuoRenKaiFaTests.m; sourceTree = "<group>"; };
		4A5D959C26412E6300F4D3CC /* Info.plist */ = {isa = PBXFileReference; lastKnownFileType = text.plist.xml; path = Info.plist; sourceTree = "<group>"; };
		4A5D95A126412E6300F4D3CC /* DuoRenKaiFaUITests.xctest */ = {isa = PBXFileReference; explicitFileType = wrapper.cfbundle; includeInIndex = 0; path = DuoRenKaiFaUITests.xctest; sourceTree = BUILT_PRODUCTS_DIR; };
		4A5D95A526412E6300F4D3CC /* DuoRenKaiFaUITests.m */ = {isa = PBXFileReference; lastKnownFileType = sourcecode.c.objc; path = DuoRenKaiFaUITests.m; sourceTree = "<group>"; };
		4A5D95A726412E6300F4D3CC /* Info.plist */ = {isa = PBXFileReference; lastKnownFileType = text.plist.xml; path = Info.plist; sourceTree = "<group>"; };
		4A5D95B9264270D000F4D3CC /* NetworkTool.m */ = {isa = PBXFileReference; fileEncoding = 4; lastKnownFileType = sourcecode.c.objc; path = NetworkTool.m; sourceTree = "<group>"; };
		4A5D95BA264270D000F4D3CC /* NetworkTool.h */ = {isa = PBXFileReference; fileEncoding = 4; lastKnownFileType = sourcecode.c.h; path = NetworkTool.h; sourceTree = "<group>"; };
		4A99FF1226427F58004E6709 /* FirViewController.h */ = {isa = PBXFileReference; lastKnownFileType = sourcecode.c.h; path = FirViewController.h; sourceTree = "<group>"; };
		4A99FF1326427F58004E6709 /* FirViewController.m */ = {isa = PBXFileReference; lastKnownFileType = sourcecode.c.objc; path = FirViewController.m; sourceTree = "<group>"; };
		6A493BF9E3E5E8EE5B499810 /* Pods-DuoRenKaiFaTests.debug.xcconfig */ = {isa = PBXFileReference; includeInIndex = 1; lastKnownFileType = text.xcconfig; name = "Pods-DuoRenKaiFaTests.debug.xcconfig"; path = "Target Support Files/Pods-DuoRenKaiFaTests/Pods-DuoRenKaiFaTests.debug.xcconfig"; sourceTree = "<group>"; };
		7CC2D7414FF95EF96D99FD59 /* Pods_DuoRenKaiFa_DuoRenKaiFaUITests.framework */ = {isa = PBXFileReference; explicitFileType = wrapper.framework; includeInIndex = 0; path = Pods_DuoRenKaiFa_DuoRenKaiFaUITests.framework; sourceTree = BUILT_PRODUCTS_DIR; };
		9D2F0ABAA7DD8447816585AE /* Pods-DuoRenKaiFaTests.release.xcconfig */ = {isa = PBXFileReference; includeInIndex = 1; lastKnownFileType = text.xcconfig; name = "Pods-DuoRenKaiFaTests.release.xcconfig"; path = "Target Support Files/Pods-DuoRenKaiFaTests/Pods-DuoRenKaiFaTests.release.xcconfig"; sourceTree = "<group>"; };
		CA70D6C78A427880667D5DB0 /* Pods_DuoRenKaiFa.framework */ = {isa = PBXFileReference; explicitFileType = wrapper.framework; includeInIndex = 0; path = Pods_DuoRenKaiFa.framework; sourceTree = BUILT_PRODUCTS_DIR; };
		E47B71E9CF31373628D2868E /* Pods_DuoRenKaiFaTests.framework */ = {isa = PBXFileReference; explicitFileType = wrapper.framework; includeInIndex = 0; path = Pods_DuoRenKaiFaTests.framework; sourceTree = BUILT_PRODUCTS_DIR; };
/* End PBXFileReference section */

/* Begin PBXFrameworksBuildPhase section */
		4A5D957826412E6100F4D3CC /* Frameworks */ = {
			isa = PBXFrameworksBuildPhase;
			buildActionMask = 2147483647;
			files = (
				C7A6A3035787B8FF18A6787B /* Pods_DuoRenKaiFa.framework in Frameworks */,
			);
			runOnlyForDeploymentPostprocessing = 0;
		};
		4A5D959326412E6300F4D3CC /* Frameworks */ = {
			isa = PBXFrameworksBuildPhase;
			buildActionMask = 2147483647;
			files = (
				74F55EF4AFB160E9D76AC1AE /* Pods_DuoRenKaiFaTests.framework in Frameworks */,
			);
			runOnlyForDeploymentPostprocessing = 0;
		};
		4A5D959E26412E6300F4D3CC /* Frameworks */ = {
			isa = PBXFrameworksBuildPhase;
			buildActionMask = 2147483647;
			files = (
				A4BE29A545B5281B23C97378 /* Pods_DuoRenKaiFa_DuoRenKaiFaUITests.framework in Frameworks */,
			);
			runOnlyForDeploymentPostprocessing = 0;
		};
/* End PBXFrameworksBuildPhase section */

/* Begin PBXGroup section */
		41CA43DFD756DF6F2D14C3DB /* Pods */ = {
			isa = PBXGroup;
			children = (
				1B0D1808B9845FFD23D18F34 /* Pods-DuoRenKaiFa.debug.xcconfig */,
				1E94A4F30135988AA3F63707 /* Pods-DuoRenKaiFa.release.xcconfig */,
				2765A4130609723BBED00620 /* Pods-DuoRenKaiFa-DuoRenKaiFaUITests.debug.xcconfig */,
				187D7FA1F95C995551A32D6A /* Pods-DuoRenKaiFa-DuoRenKaiFaUITests.release.xcconfig */,
				6A493BF9E3E5E8EE5B499810 /* Pods-DuoRenKaiFaTests.debug.xcconfig */,
				9D2F0ABAA7DD8447816585AE /* Pods-DuoRenKaiFaTests.release.xcconfig */,
			);
			path = Pods;
			sourceTree = "<group>";
		};
		4A5D957226412E6100F4D3CC = {
			isa = PBXGroup;
			children = (
				4A5D957D26412E6100F4D3CC /* DuoRenKaiFa */,
				4A5D959926412E6300F4D3CC /* DuoRenKaiFaTests */,
				4A5D95A426412E6300F4D3CC /* DuoRenKaiFaUITests */,
				4A5D957C26412E6100F4D3CC /* Products */,
				41CA43DFD756DF6F2D14C3DB /* Pods */,
				4F89D7CDAB1CFCF464413658 /* Frameworks */,
			);
			sourceTree = "<group>";
		};
		4A5D957C26412E6100F4D3CC /* Products */ = {
			isa = PBXGroup;
			children = (
				4A5D957B26412E6100F4D3CC /* DuoRenKaiFa.app */,
				4A5D959626412E6300F4D3CC /* DuoRenKaiFaTests.xctest */,
				4A5D95A126412E6300F4D3CC /* DuoRenKaiFaUITests.xctest */,
			);
			name = Products;
			sourceTree = "<group>";
		};
		4A5D957D26412E6100F4D3CC /* DuoRenKaiFa */ = {
			isa = PBXGroup;
			children = (
				4A5D957E26412E6100F4D3CC /* AppDelegate.h */,
				4A5D957F26412E6100F4D3CC /* AppDelegate.m */,
				4A5D958426412E6100F4D3CC /* ViewController.h */,
				4A5D958526412E6100F4D3CC /* ViewController.m */,
				4A99FF1226427F58004E6709 /* FirViewController.h */,
				4A99FF1326427F58004E6709 /* FirViewController.m */,
				4A5D95BA264270D000F4D3CC /* NetworkTool.h */,
				4A5D95B9264270D000F4D3CC /* NetworkTool.m */,
				4A5D958726412E6100F4D3CC /* Main.storyboard */,
				4A5D958A26412E6200F4D3CC /* Assets.xcassets */,
				4A5D958C26412E6200F4D3CC /* LaunchScreen.storyboard */,
				4A5D958F26412E6200F4D3CC /* Info.plist */,
				4A5D959026412E6200F4D3CC /* main.m */,
			);
			path = DuoRenKaiFa;
			sourceTree = "<group>";
		};
		4A5D959926412E6300F4D3CC /* DuoRenKaiFaTests */ = {
			isa = PBXGroup;
			children = (
				4A5D959A26412E6300F4D3CC /* DuoRenKaiFaTests.m */,
				4A5D959C26412E6300F4D3CC /* Info.plist */,
			);
			path = DuoRenKaiFaTests;
			sourceTree = "<group>";
		};
		4A5D95A426412E6300F4D3CC /* DuoRenKaiFaUITests */ = {
			isa = PBXGroup;
			children = (
				4A5D95A526412E6300F4D3CC /* DuoRenKaiFaUITests.m */,
				4A5D95A726412E6300F4D3CC /* Info.plist */,
			);
			path = DuoRenKaiFaUITests;
			sourceTree = "<group>";
		};
		4F89D7CDAB1CFCF464413658 /* Frameworks */ = {
			isa = PBXGroup;
			children = (
				CA70D6C78A427880667D5DB0 /* Pods_DuoRenKaiFa.framework */,
				7CC2D7414FF95EF96D99FD59 /* Pods_DuoRenKaiFa_DuoRenKaiFaUITests.framework */,
				E47B71E9CF31373628D2868E /* Pods_DuoRenKaiFaTests.framework */,
			);
			name = Frameworks;
			sourceTree = "<group>";
		};
/* End PBXGroup section */

/* Begin PBXNativeTarget section */
		4A5D957A26412E6100F4D3CC /* DuoRenKaiFa */ = {
			isa = PBXNativeTarget;
			buildConfigurationList = 4A5D95AA26412E6300F4D3CC /* Build configuration list for PBXNativeTarget "DuoRenKaiFa" */;
			buildPhases = (
				8063137C6447DD865E230243 /* [CP] Check Pods Manifest.lock */,
				4A5D957726412E6100F4D3CC /* Sources */,
				4A5D957826412E6100F4D3CC /* Frameworks */,
				4A5D957926412E6100F4D3CC /* Resources */,
				DDB16B2CC32527853934CC18 /* [CP] Embed Pods Frameworks */,
			);
			buildRules = (
			);
			dependencies = (
			);
			name = DuoRenKaiFa;
			productName = DuoRenKaiFa;
			productReference = 4A5D957B26412E6100F4D3CC /* DuoRenKaiFa.app */;
			productType = "com.apple.product-type.application";
		};
		4A5D959526412E6300F4D3CC /* DuoRenKaiFaTests */ = {
			isa = PBXNativeTarget;
			buildConfigurationList = 4A5D95AD26412E6300F4D3CC /* Build configuration list for PBXNativeTarget "DuoRenKaiFaTests" */;
			buildPhases = (
				24B9881881D1312BB6BCB66C /* [CP] Check Pods Manifest.lock */,
				4A5D959226412E6300F4D3CC /* Sources */,
				4A5D959326412E6300F4D3CC /* Frameworks */,
				4A5D959426412E6300F4D3CC /* Resources */,
			);
			buildRules = (
			);
			dependencies = (
				4A5D959826412E6300F4D3CC /* PBXTargetDependency */,
			);
			name = DuoRenKaiFaTests;
			productName = DuoRenKaiFaTests;
			productReference = 4A5D959626412E6300F4D3CC /* DuoRenKaiFaTests.xctest */;
			productType = "com.apple.product-type.bundle.unit-test";
		};
		4A5D95A026412E6300F4D3CC /* DuoRenKaiFaUITests */ = {
			isa = PBXNativeTarget;
			buildConfigurationList = 4A5D95B026412E6300F4D3CC /* Build configuration list for PBXNativeTarget "DuoRenKaiFaUITests" */;
			buildPhases = (
				BAC6D43677B42B2DB9F142A5 /* [CP] Check Pods Manifest.lock */,
				4A5D959D26412E6300F4D3CC /* Sources */,
				4A5D959E26412E6300F4D3CC /* Frameworks */,
				4A5D959F26412E6300F4D3CC /* Resources */,
				F167DEF3F7898739E3CEDBD7 /* [CP] Embed Pods Frameworks */,
			);
			buildRules = (
			);
			dependencies = (
				4A5D95A326412E6300F4D3CC /* PBXTargetDependency */,
			);
			name = DuoRenKaiFaUITests;
			productName = DuoRenKaiFaUITests;
			productReference = 4A5D95A126412E6300F4D3CC /* DuoRenKaiFaUITests.xctest */;
			productType = "com.apple.product-type.bundle.ui-testing";
		};
/* End PBXNativeTarget section */

/* Begin PBXProject section */
		4A5D957326412E6100F4D3CC /* Project object */ = {
			isa = PBXProject;
			attributes = {
				LastUpgradeCheck = 1240;
				TargetAttributes = {
					4A5D957A26412E6100F4D3CC = {
						CreatedOnToolsVersion = 12.4;
					};
					4A5D959526412E6300F4D3CC = {
						CreatedOnToolsVersion = 12.4;
						TestTargetID = 4A5D957A26412E6100F4D3CC;
					};
					4A5D95A026412E6300F4D3CC = {
						CreatedOnToolsVersion = 12.4;
						TestTargetID = 4A5D957A26412E6100F4D3CC;
					};
				};
			};
			buildConfigurationList = 4A5D957626412E6100F4D3CC /* Build configuration list for PBXProject "DuoRenKaiFa" */;
			compatibilityVersion = "Xcode 9.3";
			developmentRegion = en;
			hasScannedForEncodings = 0;
			knownRegions = (
				en,
				Base,
			);
			mainGroup = 4A5D957226412E6100F4D3CC;
			productRefGroup = 4A5D957C26412E6100F4D3CC /* Products */;
			projectDirPath = "";
			projectRoot = "";
			targets = (
				4A5D957A26412E6100F4D3CC /* DuoRenKaiFa */,
				4A5D959526412E6300F4D3CC /* DuoRenKaiFaTests */,
				4A5D95A026412E6300F4D3CC /* DuoRenKaiFaUITests */,
			);
		};
/* End PBXProject section */

/* Begin PBXResourcesBuildPhase section */
		4A5D957926412E6100F4D3CC /* Resources */ = {
			isa = PBXResourcesBuildPhase;
			buildActionMask = 2147483647;
			files = (
				4A5D958E26412E6200F4D3CC /* LaunchScreen.storyboard in Resources */,
				4A5D958B26412E6200F4D3CC /* Assets.xcassets in Resources */,
				4A5D958926412E6100F4D3CC /* Main.storyboard in Resources */,
			);
			runOnlyForDeploymentPostprocessing = 0;
		};
		4A5D959426412E6300F4D3CC /* Resources */ = {
			isa = PBXResourcesBuildPhase;
			buildActionMask = 2147483647;
			files = (
			);
			runOnlyForDeploymentPostprocessing = 0;
		};
		4A5D959F26412E6300F4D3CC /* Resources */ = {
			isa = PBXResourcesBuildPhase;
			buildActionMask = 2147483647;
			files = (
			);
			runOnlyForDeploymentPostprocessing = 0;
		};
/* End PBXResourcesBuildPhase section */

/* Begin PBXShellScriptBuildPhase section */
		24B9881881D1312BB6BCB66C /* [CP] Check Pods Manifest.lock */ = {
			isa = PBXShellScriptBuildPhase;
			buildActionMask = 2147483647;
			files = (
			);
			inputFileListPaths = (
			);
			inputPaths = (
				"${PODS_PODFILE_DIR_PATH}/Podfile.lock",
				"${PODS_ROOT}/Manifest.lock",
			);
			name = "[CP] Check Pods Manifest.lock";
			outputFileListPaths = (
			);
			outputPaths = (
				"$(DERIVED_FILE_DIR)/Pods-DuoRenKaiFaTests-checkManifestLockResult.txt",
			);
			runOnlyForDeploymentPostprocessing = 0;
			shellPath = /bin/sh;
			shellScript = "diff \"${PODS_PODFILE_DIR_PATH}/Podfile.lock\" \"${PODS_ROOT}/Manifest.lock\" > /dev/null\nif [ $? != 0 ] ; then\n    # print error to STDERR\n    echo \"error: The sandbox is not in sync with the Podfile.lock. Run 'pod install' or update your CocoaPods installation.\" >&2\n    exit 1\nfi\n# This output is used by Xcode 'outputs' to avoid re-running this script phase.\necho \"SUCCESS\" > \"${SCRIPT_OUTPUT_FILE_0}\"\n";
			showEnvVarsInLog = 0;
		};
		8063137C6447DD865E230243 /* [CP] Check Pods Manifest.lock */ = {
			isa = PBXShellScriptBuildPhase;
			buildActionMask = 2147483647;
			files = (
			);
			inputFileListPaths = (
			);
			inputPaths = (
				"${PODS_PODFILE_DIR_PATH}/Podfile.lock",
				"${PODS_ROOT}/Manifest.lock",
			);
			name = "[CP] Check Pods Manifest.lock";
			outputFileListPaths = (
			);
			outputPaths = (
				"$(DERIVED_FILE_DIR)/Pods-DuoRenKaiFa-checkManifestLockResult.txt",
			);
			runOnlyForDeploymentPostprocessing = 0;
			shellPath = /bin/sh;
			shellScript = "diff \"${PODS_PODFILE_DIR_PATH}/Podfile.lock\" \"${PODS_ROOT}/Manifest.lock\" > /dev/null\nif [ $? != 0 ] ; then\n    # print error to STDERR\n    echo \"error: The sandbox is not in sync with the Podfile.lock. Run 'pod install' or update your CocoaPods installation.\" >&2\n    exit 1\nfi\n# This output is used by Xcode 'outputs' to avoid re-running this script phase.\necho \"SUCCESS\" > \"${SCRIPT_OUTPUT_FILE_0}\"\n";
			showEnvVarsInLog = 0;
		};
		BAC6D43677B42B2DB9F142A5 /* [CP] Check Pods Manifest.lock */ = {
			isa = PBXShellScriptBuildPhase;
			buildActionMask = 2147483647;
			files = (
			);
			inputFileListPaths = (
			);
			inputPaths = (
				"${PODS_PODFILE_DIR_PATH}/Podfile.lock",
				"${PODS_ROOT}/Manifest.lock",
			);
			name = "[CP] Check Pods Manifest.lock";
			outputFileListPaths = (
			);
			outputPaths = (
				"$(DERIVED_FILE_DIR)/Pods-DuoRenKaiFa-DuoRenKaiFaUITests-checkManifestLockResult.txt",
			);
			runOnlyForDeploymentPostprocessing = 0;
			shellPath = /bin/sh;
			shellScript = "diff \"${PODS_PODFILE_DIR_PATH}/Podfile.lock\" \"${PODS_ROOT}/Manifest.lock\" > /dev/null\nif [ $? != 0 ] ; then\n    # print error to STDERR\n    echo \"error: The sandbox is not in sync with the Podfile.lock. Run 'pod install' or update your CocoaPods installation.\" >&2\n    exit 1\nfi\n# This output is used by Xcode 'outputs' to avoid re-running this script phase.\necho \"SUCCESS\" > \"${SCRIPT_OUTPUT_FILE_0}\"\n";
			showEnvVarsInLog = 0;
		};
		DDB16B2CC32527853934CC18 /* [CP] Embed Pods Frameworks */ = {
			isa = PBXShellScriptBuildPhase;
			buildActionMask = 2147483647;
			files = (
			);
			inputFileListPaths = (
				"${PODS_ROOT}/Target Support Files/Pods-DuoRenKaiFa/Pods-DuoRenKaiFa-frameworks-${CONFIGURATION}-input-files.xcfilelist",
			);
			name = "[CP] Embed Pods Frameworks";
			outputFileListPaths = (
				"${PODS_ROOT}/Target Support Files/Pods-DuoRenKaiFa/Pods-DuoRenKaiFa-frameworks-${CONFIGURATION}-output-files.xcfilelist",
			);
			runOnlyForDeploymentPostprocessing = 0;
			shellPath = /bin/sh;
			shellScript = "\"${PODS_ROOT}/Target Support Files/Pods-DuoRenKaiFa/Pods-DuoRenKaiFa-frameworks.sh\"\n";
			showEnvVarsInLog = 0;
		};
		F167DEF3F7898739E3CEDBD7 /* [CP] Embed Pods Frameworks */ = {
			isa = PBXShellScriptBuildPhase;
			buildActionMask = 2147483647;
			files = (
			);
			inputFileListPaths = (
				"${PODS_ROOT}/Target Support Files/Pods-DuoRenKaiFa-DuoRenKaiFaUITests/Pods-DuoRenKaiFa-DuoRenKaiFaUITests-frameworks-${CONFIGURATION}-input-files.xcfilelist",
			);
			name = "[CP] Embed Pods Frameworks";
			outputFileListPaths = (
				"${PODS_ROOT}/Target Support Files/Pods-DuoRenKaiFa-DuoRenKaiFaUITests/Pods-DuoRenKaiFa-DuoRenKaiFaUITests-frameworks-${CONFIGURATION}-output-files.xcfilelist",
			);
			runOnlyForDeploymentPostprocessing = 0;
			shellPath = /bin/sh;
			shellScript = "\"${PODS_ROOT}/Target Support Files/Pods-DuoRenKaiFa-DuoRenKaiFaUITests/Pods-DuoRenKaiFa-DuoRenKaiFaUITests-frameworks.sh\"\n";
			showEnvVarsInLog = 0;
		};
/* End PBXShellScriptBuildPhase section */

/* Begin PBXSourcesBuildPhase section */
		4A5D957726412E6100F4D3CC /* Sources */ = {
			isa = PBXSourcesBuildPhase;
			buildActionMask = 2147483647;
			files = (
				4A5D95BB264270D000F4D3CC /* NetworkTool.m in Sources */,
				4A5D958626412E6100F4D3CC /* ViewController.m in Sources */,
				4A5D958026412E6100F4D3CC /* AppDelegate.m in Sources */,
				4A5D959126412E6200F4D3CC /* main.m in Sources */,
				4A99FF1426427F58004E6709 /* FirViewController.m in Sources */,
			);
			runOnlyForDeploymentPostprocessing = 0;
		};
		4A5D959226412E6300F4D3CC /* Sources */ = {
			isa = PBXSourcesBuildPhase;
			buildActionMask = 2147483647;
			files = (
				4A5D959B26412E6300F4D3CC /* DuoRenKaiFaTests.m in Sources */,
			);
			runOnlyForDeploymentPostprocessing = 0;
		};
		4A5D959D26412E6300F4D3CC /* Sources */ = {
			isa = PBXSourcesBuildPhase;
			buildActionMask = 2147483647;
			files = (
				4A5D95A626412E6300F4D3CC /* DuoRenKaiFaUITests.m in Sources */,
			);
			runOnlyForDeploymentPostprocessing = 0;
		};
/* End PBXSourcesBuildPhase section */

/* Begin PBXTargetDependency section */
		4A5D959826412E6300F4D3CC /* PBXTargetDependency */ = {
			isa = PBXTargetDependency;
			target = 4A5D957A26412E6100F4D3CC /* DuoRenKaiFa */;
			targetProxy = 4A5D959726412E6300F4D3CC /* PBXContainerItemProxy */;
		};
		4A5D95A326412E6300F4D3CC /* PBXTargetDependency */ = {
			isa = PBXTargetDependency;
			target = 4A5D957A26412E6100F4D3CC /* DuoRenKaiFa */;
			targetProxy = 4A5D95A226412E6300F4D3CC /* PBXContainerItemProxy */;
		};
/* End PBXTargetDependency section */

/* Begin PBXVariantGroup section */
		4A5D958726412E6100F4D3CC /* Main.storyboard */ = {
			isa = PBXVariantGroup;
			children = (
				4A5D958826412E6100F4D3CC /* Base */,
			);
			name = Main.storyboard;
			sourceTree = "<group>";
		};
		4A5D958C26412E6200F4D3CC /* LaunchScreen.storyboard */ = {
			isa = PBXVariantGroup;
			children = (
				4A5D958D26412E6200F4D3CC /* Base */,
			);
			name = LaunchScreen.storyboard;
			sourceTree = "<group>";
		};
/* End PBXVariantGroup section */

/* Begin XCBuildConfiguration section */
		4A5D95A826412E6300F4D3CC /* Debug */ = {
			isa = XCBuildConfiguration;
			buildSettings = {
				ALWAYS_SEARCH_USER_PATHS = NO;
				CLANG_ANALYZER_NONNULL = YES;
				CLANG_ANALYZER_NUMBER_OBJECT_CONVERSION = YES_AGGRESSIVE;
				CLANG_CXX_LANGUAGE_STANDARD = "gnu++14";
				CLANG_CXX_LIBRARY = "libc++";
				CLANG_ENABLE_MODULES = YES;
				CLANG_ENABLE_OBJC_ARC = YES;
				CLANG_ENABLE_OBJC_WEAK = YES;
				CLANG_WARN_BLOCK_CAPTURE_AUTORELEASING = YES;
				CLANG_WARN_BOOL_CONVERSION = YES;
				CLANG_WARN_COMMA = YES;
				CLANG_WARN_CONSTANT_CONVERSION = YES;
				CLANG_WARN_DEPRECATED_OBJC_IMPLEMENTATIONS = YES;
				CLANG_WARN_DIRECT_OBJC_ISA_USAGE = YES_ERROR;
				CLANG_WARN_DOCUMENTATION_COMMENTS = YES;
				CLANG_WARN_EMPTY_BODY = YES;
				CLANG_WARN_ENUM_CONVERSION = YES;
				CLANG_WARN_INFINITE_RECURSION = YES;
				CLANG_WARN_INT_CONVERSION = YES;
				CLANG_WARN_NON_LITERAL_NULL_CONVERSION = YES;
				CLANG_WARN_OBJC_IMPLICIT_RETAIN_SELF = YES;
				CLANG_WARN_OBJC_LITERAL_CONVERSION = YES;
				CLANG_WARN_OBJC_ROOT_CLASS = YES_ERROR;
				CLANG_WARN_QUOTED_INCLUDE_IN_FRAMEWORK_HEADER = YES;
				CLANG_WARN_RANGE_LOOP_ANALYSIS = YES;
				CLANG_WARN_STRICT_PROTOTYPES = YES;
				CLANG_WARN_SUSPICIOUS_MOVE = YES;
				CLANG_WARN_UNGUARDED_AVAILABILITY = YES_AGGRESSIVE;
				CLANG_WARN_UNREACHABLE_CODE = YES;
				CLANG_WARN__DUPLICATE_METHOD_MATCH = YES;
				COPY_PHASE_STRIP = NO;
				DEBUG_INFORMATION_FORMAT = dwarf;
				ENABLE_STRICT_OBJC_MSGSEND = YES;
				ENABLE_TESTABILITY = YES;
				GCC_C_LANGUAGE_STANDARD = gnu11;
				GCC_DYNAMIC_NO_PIC = NO;
				GCC_NO_COMMON_BLOCKS = YES;
				GCC_OPTIMIZATION_LEVEL = 0;
				GCC_PREPROCESSOR_DEFINITIONS = (
					"DEBUG=1",
					"$(inherited)",
				);
				GCC_WARN_64_TO_32_BIT_CONVERSION = YES;
				GCC_WARN_ABOUT_RETURN_TYPE = YES_ERROR;
				GCC_WARN_UNDECLARED_SELECTOR = YES;
				GCC_WARN_UNINITIALIZED_AUTOS = YES_AGGRESSIVE;
				GCC_WARN_UNUSED_FUNCTION = YES;
				GCC_WARN_UNUSED_VARIABLE = YES;
				IPHONEOS_DEPLOYMENT_TARGET = 11.2;
				MTL_ENABLE_DEBUG_INFO = INCLUDE_SOURCE;
				MTL_FAST_MATH = YES;
				ONLY_ACTIVE_ARCH = YES;
				SDKROOT = iphoneos;
			};
			name = Debug;
		};
		4A5D95A926412E6300F4D3CC /* Release */ = {
			isa = XCBuildConfiguration;
			buildSettings = {
				ALWAYS_SEARCH_USER_PATHS = NO;
				CLANG_ANALYZER_NONNULL = YES;
				CLANG_ANALYZER_NUMBER_OBJECT_CONVERSION = YES_AGGRESSIVE;
				CLANG_CXX_LANGUAGE_STANDARD = "gnu++14";
				CLANG_CXX_LIBRARY = "libc++";
				CLANG_ENABLE_MODULES = YES;
				CLANG_ENABLE_OBJC_ARC = YES;
				CLANG_ENABLE_OBJC_WEAK = YES;
				CLANG_WARN_BLOCK_CAPTURE_AUTORELEASING = YES;
				CLANG_WARN_BOOL_CONVERSION = YES;
				CLANG_WARN_COMMA = YES;
				CLANG_WARN_CONSTANT_CONVERSION = YES;
				CLANG_WARN_DEPRECATED_OBJC_IMPLEMENTATIONS = YES;
				CLANG_WARN_DIRECT_OBJC_ISA_USAGE = YES_ERROR;
				CLANG_WARN_DOCUMENTATION_COMMENTS = YES;
				CLANG_WARN_EMPTY_BODY = YES;
				CLANG_WARN_ENUM_CONVERSION = YES;
				CLANG_WARN_INFINITE_RECURSION = YES;
				CLANG_WARN_INT_CONVERSION = YES;
				CLANG_WARN_NON_LITERAL_NULL_CONVERSION = YES;
				CLANG_WARN_OBJC_IMPLICIT_RETAIN_SELF = YES;
				CLANG_WARN_OBJC_LITERAL_CONVERSION = YES;
				CLANG_WARN_OBJC_ROOT_CLASS = YES_ERROR;
				CLANG_WARN_QUOTED_INCLUDE_IN_FRAMEWORK_HEADER = YES;
				CLANG_WARN_RANGE_LOOP_ANALYSIS = YES;
				CLANG_WARN_STRICT_PROTOTYPES = YES;
				CLANG_WARN_SUSPICIOUS_MOVE = YES;
				CLANG_WARN_UNGUARDED_AVAILABILITY = YES_AGGRESSIVE;
				CLANG_WARN_UNREACHABLE_CODE = YES;
				CLANG_WARN__DUPLICATE_METHOD_MATCH = YES;
				COPY_PHASE_STRIP = NO;
				DEBUG_INFORMATION_FORMAT = "dwarf-with-dsym";
				ENABLE_NS_ASSERTIONS = NO;
				ENABLE_STRICT_OBJC_MSGSEND = YES;
				GCC_C_LANGUAGE_STANDARD = gnu11;
				GCC_NO_COMMON_BLOCKS = YES;
				GCC_WARN_64_TO_32_BIT_CONVERSION = YES;
				GCC_WARN_ABOUT_RETURN_TYPE = YES_ERROR;
				GCC_WARN_UNDECLARED_SELECTOR = YES;
				GCC_WARN_UNINITIALIZED_AUTOS = YES_AGGRESSIVE;
				GCC_WARN_UNUSED_FUNCTION = YES;
				GCC_WARN_UNUSED_VARIABLE = YES;
				IPHONEOS_DEPLOYMENT_TARGET = 11.2;
				MTL_ENABLE_DEBUG_INFO = NO;
				MTL_FAST_MATH = YES;
				SDKROOT = iphoneos;
				VALIDATE_PRODUCT = YES;
			};
			name = Release;
		};
		4A5D95AB26412E6300F4D3CC /* Debug */ = {
			isa = XCBuildConfiguration;
			baseConfigurationReference = 1B0D1808B9845FFD23D18F34 /* Pods-DuoRenKaiFa.debug.xcconfig */;
			buildSettings = {
				ASSETCATALOG_COMPILER_APPICON_NAME = AppIcon;
				ASSETCATALOG_COMPILER_GLOBAL_ACCENT_COLOR_NAME = AccentColor;
				CODE_SIGN_STYLE = Automatic;
				DEVELOPMENT_TEAM = 3UDF77K6SZ;
				INFOPLIST_FILE = DuoRenKaiFa/Info.plist;
				LD_RUNPATH_SEARCH_PATHS = (
					"$(inherited)",
					"@executable_path/Frameworks",
				);
				PRODUCT_BUNDLE_IDENTIFIER = neo.DuoRenKaiFa;
				PRODUCT_NAME = "$(TARGET_NAME)";
				TARGETED_DEVICE_FAMILY = "1,2";
			};
			name = Debug;
		};
		4A5D95AC26412E6300F4D3CC /* Release */ = {
			isa = XCBuildConfiguration;
			baseConfigurationReference = 1E94A4F30135988AA3F63707 /* Pods-DuoRenKaiFa.release.xcconfig */;
			buildSettings = {
				ASSETCATALOG_COMPILER_APPICON_NAME = AppIcon;
				ASSETCATALOG_COMPILER_GLOBAL_ACCENT_COLOR_NAME = AccentColor;
				CODE_SIGN_STYLE = Automatic;
				DEVELOPMENT_TEAM = 3UDF77K6SZ;
				INFOPLIST_FILE = DuoRenKaiFa/Info.plist;
				LD_RUNPATH_SEARCH_PATHS = (
					"$(inherited)",
					"@executable_path/Frameworks",
				);
				PRODUCT_BUNDLE_IDENTIFIER = neo.DuoRenKaiFa;
				PRODUCT_NAME = "$(TARGET_NAME)";
				TARGETED_DEVICE_FAMILY = "1,2";
			};
			name = Release;
		};
		4A5D95AE26412E6300F4D3CC /* Debug */ = {
			isa = XCBuildConfiguration;
			baseConfigurationReference = 6A493BF9E3E5E8EE5B499810 /* Pods-DuoRenKaiFaTests.debug.xcconfig */;
			buildSettings = {
				BUNDLE_LOADER = "$(TEST_HOST)";
				CODE_SIGN_STYLE = Automatic;
				DEVELOPMENT_TEAM = 3UDF77K6SZ;
				INFOPLIST_FILE = DuoRenKaiFaTests/Info.plist;
				IPHONEOS_DEPLOYMENT_TARGET = 14.4;
				LD_RUNPATH_SEARCH_PATHS = (
					"$(inherited)",
					"@executable_path/Frameworks",
					"@loader_path/Frameworks",
				);
				PRODUCT_BUNDLE_IDENTIFIER = neo.DuoRenKaiFaTests;
				PRODUCT_NAME = "$(TARGET_NAME)";
				TARGETED_DEVICE_FAMILY = "1,2";
				TEST_HOST = "$(BUILT_PRODUCTS_DIR)/DuoRenKaiFa.app/DuoRenKaiFa";
			};
			name = Debug;
		};
		4A5D95AF26412E6300F4D3CC /* Release */ = {
			isa = XCBuildConfiguration;
			baseConfigurationReference = 9D2F0ABAA7DD8447816585AE /* Pods-DuoRenKaiFaTests.release.xcconfig */;
			buildSettings = {
				BUNDLE_LOADER = "$(TEST_HOST)";
				CODE_SIGN_STYLE = Automatic;
				DEVELOPMENT_TEAM = 3UDF77K6SZ;
				INFOPLIST_FILE = DuoRenKaiFaTests/Info.plist;
				IPHONEOS_DEPLOYMENT_TARGET = 14.4;
				LD_RUNPATH_SEARCH_PATHS = (
					"$(inherited)",
					"@executable_path/Frameworks",
					"@loader_path/Frameworks",
				);
				PRODUCT_BUNDLE_IDENTIFIER = neo.DuoRenKaiFaTests;
				PRODUCT_NAME = "$(TARGET_NAME)";
				TARGETED_DEVICE_FAMILY = "1,2";
				TEST_HOST = "$(BUILT_PRODUCTS_DIR)/DuoRenKaiFa.app/DuoRenKaiFa";
			};
			name = Release;
		};
		4A5D95B126412E6300F4D3CC /* Debug */ = {
			isa = XCBuildConfiguration;
			baseConfigurationReference = 2765A4130609723BBED00620 /* Pods-DuoRenKaiFa-DuoRenKaiFaUITests.debug.xcconfig */;
			buildSettings = {
				CODE_SIGN_STYLE = Automatic;
				DEVELOPMENT_TEAM = 3UDF77K6SZ;
				INFOPLIST_FILE = DuoRenKaiFaUITests/Info.plist;
				LD_RUNPATH_SEARCH_PATHS = (
					"$(inherited)",
					"@executable_path/Frameworks",
					"@loader_path/Frameworks",
				);
				PRODUCT_BUNDLE_IDENTIFIER = neo.DuoRenKaiFaUITests;
				PRODUCT_NAME = "$(TARGET_NAME)";
				TARGETED_DEVICE_FAMILY = "1,2";
				TEST_TARGET_NAME = DuoRenKaiFa;
			};
			name = Debug;
		};
		4A5D95B226412E6300F4D3CC /* Release */ = {
			isa = XCBuildConfiguration;
			baseConfigurationReference = 187D7FA1F95C995551A32D6A /* Pods-DuoRenKaiFa-DuoRenKaiFaUITests.release.xcconfig */;
			buildSettings = {
				CODE_SIGN_STYLE = Automatic;
				DEVELOPMENT_TEAM = 3UDF77K6SZ;
				INFOPLIST_FILE = DuoRenKaiFaUITests/Info.plist;
				LD_RUNPATH_SEARCH_PATHS = (
					"$(inherited)",
					"@executable_path/Frameworks",
					"@loader_path/Frameworks",
				);
				PRODUCT_BUNDLE_IDENTIFIER = neo.DuoRenKaiFaUITests;
				PRODUCT_NAME = "$(TARGET_NAME)";
				TARGETED_DEVICE_FAMILY = "1,2";
				TEST_TARGET_NAME = DuoRenKaiFa;
			};
			name = Release;
		};
/* End XCBuildConfiguration section */

/* Begin XCConfigurationList section */
		4A5D957626412E6100F4D3CC /* Build configuration list for PBXProject "DuoRenKaiFa" */ = {
			isa = XCConfigurationList;
			buildConfigurations = (
				4A5D95A826412E6300F4D3CC /* Debug */,
				4A5D95A926412E6300F4D3CC /* Release */,
			);
			defaultConfigurationIsVisible = 0;
			defaultConfigurationName = Release;
		};
		4A5D95AA26412E6300F4D3CC /* Build configuration list for PBXNativeTarget "DuoRenKaiFa" */ = {
			isa = XCConfigurationList;
			buildConfigurations = (
				4A5D95AB26412E6300F4D3CC /* Debug */,
				4A5D95AC26412E6300F4D3CC /* Release */,
			);
			defaultConfigurationIsVisible = 0;
			defaultConfigurationName = Release;
		};
		4A5D95AD26412E6300F4D3CC /* Build configuration list for PBXNativeTarget "DuoRenKaiFaTests" */ = {
			isa = XCConfigurationList;
			buildConfigurations = (
				4A5D95AE26412E6300F4D3CC /* Debug */,
				4A5D95AF26412E6300F4D3CC /* Release */,
			);
			defaultConfigurationIsVisible = 0;
			defaultConfigurationName = Release;
		};
		4A5D95B026412E6300F4D3CC /* Build configuration list for PBXNativeTarget "DuoRenKaiFaUITests" */ = {
			isa = XCConfigurationList;
			buildConfigurations = (
				4A5D95B126412E6300F4D3CC /* Debug */,
				4A5D95B226412E6300F4D3CC /* Release */,
			);
			defaultConfigurationIsVisible = 0;
			defaultConfigurationName = Release;
		};
/* End XCConfigurationList section */
	};
	rootObject = 4A5D957326412E6100F4D3CC /* Project object */;
}
